// !$*UTF8*$!
{
	archiveVersion = 1;
	classes = {
	};
	objectVersion = 51;
	objects = {

/* Begin PBXBuildFile section */
		353D12112301B8AA001C0A2D /* Form.swift in Sources */ = {isa = PBXBuildFile; fileRef = 353D12102301B8AA001C0A2D /* Form.swift */; };
		353D12132301C91B001C0A2D /* String+Extension.swift in Sources */ = {isa = PBXBuildFile; fileRef = 353D12122301C91B001C0A2D /* String+Extension.swift */; };
		353D12172301D074001C0A2D /* Field.swift in Sources */ = {isa = PBXBuildFile; fileRef = 353D12162301D074001C0A2D /* Field.swift */; };
		3575620323158ADE00DC882B /* UIImage+Extension.swift in Sources */ = {isa = PBXBuildFile; fileRef = 3575620223158ADE00DC882B /* UIImage+Extension.swift */; };
		35756219231598DB00DC882B /* FGPageView.swift in Sources */ = {isa = PBXBuildFile; fileRef = 35756218231598DB00DC882B /* FGPageView.swift */; };
		3575622A2315A5FC00DC882B /* PageInteractor.swift in Sources */ = {isa = PBXBuildFile; fileRef = 357562232315A5FC00DC882B /* PageInteractor.swift */; };
		3575622B2315A5FC00DC882B /* PageRouter.swift in Sources */ = {isa = PBXBuildFile; fileRef = 357562242315A5FC00DC882B /* PageRouter.swift */; };
		3575622C2315A5FC00DC882B /* PagePresenter.swift in Sources */ = {isa = PBXBuildFile; fileRef = 357562252315A5FC00DC882B /* PagePresenter.swift */; };
		3575622D2315A5FC00DC882B /* Page.storyboard in Resources */ = {isa = PBXBuildFile; fileRef = 357562272315A5FC00DC882B /* Page.storyboard */; };
		3575622E2315A5FC00DC882B /* PageProtocol.swift in Sources */ = {isa = PBXBuildFile; fileRef = 357562282315A5FC00DC882B /* PageProtocol.swift */; };
		3575622F2315A5FC00DC882B /* PageView.swift in Sources */ = {isa = PBXBuildFile; fileRef = 357562292315A5FC00DC882B /* PageView.swift */; };
		357562312315B40200DC882B /* FGPageEntity.swift in Sources */ = {isa = PBXBuildFile; fileRef = 357562302315B40200DC882B /* FGPageEntity.swift */; };
		357562922315E50E00DC882B /* FGPage.xib in Resources */ = {isa = PBXBuildFile; fileRef = 357562912315E50E00DC882B /* FGPage.xib */; };
		357562952315E57000DC882B /* FGPageHeader.swift in Sources */ = {isa = PBXBuildFile; fileRef = 357562932315E57000DC882B /* FGPageHeader.swift */; };
		357562962315E57000DC882B /* FGPageHeader.xib in Resources */ = {isa = PBXBuildFile; fileRef = 357562942315E57000DC882B /* FGPageHeader.xib */; };
		358054E622FB5158001EE9CD /* AppDelegate.swift in Sources */ = {isa = PBXBuildFile; fileRef = 358054E522FB5158001EE9CD /* AppDelegate.swift */; };
		358054EE22FB5158001EE9CD /* FGDemo.xcdatamodeld in Sources */ = {isa = PBXBuildFile; fileRef = 358054EC22FB5158001EE9CD /* FGDemo.xcdatamodeld */; };
		358054F022FB515A001EE9CD /* Assets.xcassets in Resources */ = {isa = PBXBuildFile; fileRef = 358054EF22FB515A001EE9CD /* Assets.xcassets */; };
		358054F322FB515A001EE9CD /* LaunchScreen.storyboard in Resources */ = {isa = PBXBuildFile; fileRef = 358054F122FB515A001EE9CD /* LaunchScreen.storyboard */; };
		3595F22122FA073000BA429F /* FGKit.h in Headers */ = {isa = PBXBuildFile; fileRef = 3595F21F22FA073000BA429F /* FGKit.h */; settings = {ATTRIBUTES = (Public, ); }; };
		3595F22D22FA081E00BA429F /* Styled.swift in Sources */ = {isa = PBXBuildFile; fileRef = 3595F22C22FA081E00BA429F /* Styled.swift */; };
		3595F23222FA084700BA429F /* UILabel+Extension.swift in Sources */ = {isa = PBXBuildFile; fileRef = 3595F22E22FA084700BA429F /* UILabel+Extension.swift */; };
		3595F23322FA084700BA429F /* UIFont+Extension.swift in Sources */ = {isa = PBXBuildFile; fileRef = 3595F22F22FA084700BA429F /* UIFont+Extension.swift */; };
		3595F23422FA084700BA429F /* UIButton+Extension.swift in Sources */ = {isa = PBXBuildFile; fileRef = 3595F23022FA084700BA429F /* UIButton+Extension.swift */; };
		3595F23522FA084700BA429F /* UserDefaults+Extension.swift in Sources */ = {isa = PBXBuildFile; fileRef = 3595F23122FA084700BA429F /* UserDefaults+Extension.swift */; };
		3595F23722FA089900BA429F /* Security.swift in Sources */ = {isa = PBXBuildFile; fileRef = 3595F23622FA089900BA429F /* Security.swift */; };
		3595F23922FA08CF00BA429F /* Layout.swift in Sources */ = {isa = PBXBuildFile; fileRef = 3595F23822FA08CF00BA429F /* Layout.swift */; };
		3595F26222FA098000BA429F /* LOOCryptString.h in Headers */ = {isa = PBXBuildFile; fileRef = 3595F24D22FA098000BA429F /* LOOCryptString.h */; };
		3595F26322FA098000BA429F /* DJailbreakDetector.m in Sources */ = {isa = PBXBuildFile; fileRef = 3595F24E22FA098000BA429F /* DJailbreakDetector.m */; };
		3595F26422FA098000BA429F /* DJailbreakDetector.h in Headers */ = {isa = PBXBuildFile; fileRef = 3595F24F22FA098000BA429F /* DJailbreakDetector.h */; };
		3595F26522FA098000BA429F /* LOOCryptString.m in Sources */ = {isa = PBXBuildFile; fileRef = 3595F25022FA098000BA429F /* LOOCryptString.m */; };
		3595F26622FA098000BA429F /* DJailbreakDetector.m-e in Resources */ = {isa = PBXBuildFile; fileRef = 3595F25122FA098000BA429F /* DJailbreakDetector.m-e */; };
		3595F26922FA09CE00BA429F /* UIColor+Extension.swift in Sources */ = {isa = PBXBuildFile; fileRef = 3595F26822FA09CE00BA429F /* UIColor+Extension.swift */; };
		3595F26B22FA0A5800BA429F /* UIContol+Extension.swift in Sources */ = {isa = PBXBuildFile; fileRef = 3595F26A22FA0A5800BA429F /* UIContol+Extension.swift */; };
		3595F27022FA0A7700BA429F /* DateFormatTransform.swift in Sources */ = {isa = PBXBuildFile; fileRef = 3595F26D22FA0A7700BA429F /* DateFormatTransform.swift */; };
		3595F27122FA0A7700BA429F /* IntTransform.swift in Sources */ = {isa = PBXBuildFile; fileRef = 3595F26E22FA0A7700BA429F /* IntTransform.swift */; };
		3595F27422FA0ADA00BA429F /* Run.swift in Sources */ = {isa = PBXBuildFile; fileRef = 3595F27322FA0ADA00BA429F /* Run.swift */; };
		3595F27622FA10BF00BA429F /* ClosureSleeve.swift in Sources */ = {isa = PBXBuildFile; fileRef = 3595F27522FA10BE00BA429F /* ClosureSleeve.swift */; };
		359A654C2318342700C8C00E /* FGErrorView.swift in Sources */ = {isa = PBXBuildFile; fileRef = 359A654B2318342700C8C00E /* FGErrorView.swift */; };
		359A654F2318344100C8C00E /* FGError.xib in Resources */ = {isa = PBXBuildFile; fileRef = 359A654E2318344100C8C00E /* FGError.xib */; };
		359A65512318385800C8C00E /* FGErrorStyled.swift in Sources */ = {isa = PBXBuildFile; fileRef = 359A65502318385800C8C00E /* FGErrorStyled.swift */; };
		35A99349230C6DC3003A62B2 /* Menu.storyboard in Resources */ = {isa = PBXBuildFile; fileRef = 35A99343230C6DC3003A62B2 /* Menu.storyboard */; };
		35A9934A230C6DC3003A62B2 /* MenuProtocol.swift in Sources */ = {isa = PBXBuildFile; fileRef = 35A99344230C6DC3003A62B2 /* MenuProtocol.swift */; };
		35A9934B230C6DC3003A62B2 /* MenuPresenter.swift in Sources */ = {isa = PBXBuildFile; fileRef = 35A99345230C6DC3003A62B2 /* MenuPresenter.swift */; };
		35A9934C230C6DC3003A62B2 /* MenuViewController.swift in Sources */ = {isa = PBXBuildFile; fileRef = 35A99346230C6DC3003A62B2 /* MenuViewController.swift */; };
		35A9934D230C6DC3003A62B2 /* MenuInteractor.swift in Sources */ = {isa = PBXBuildFile; fileRef = 35A99347230C6DC3003A62B2 /* MenuInteractor.swift */; };
		35A9934E230C6DC3003A62B2 /* MenuRouter.swift in Sources */ = {isa = PBXBuildFile; fileRef = 35A99348230C6DC3003A62B2 /* MenuRouter.swift */; };
		35A9936C230C721F003A62B2 /* UIStoryboard+Extension.swift in Sources */ = {isa = PBXBuildFile; fileRef = 35A9936B230C721F003A62B2 /* UIStoryboard+Extension.swift */; };
		35A9936E230C7263003A62B2 /* UIViewController+Extension.swift in Sources */ = {isa = PBXBuildFile; fileRef = 35A9936D230C7263003A62B2 /* UIViewController+Extension.swift */; };
		35A99370230C7291003A62B2 /* UINavigationController+Extension.swift in Sources */ = {isa = PBXBuildFile; fileRef = 35A9936F230C7291003A62B2 /* UINavigationController+Extension.swift */; };
		35B03E2C230C766E0045C031 /* PresenterInterface.swift in Sources */ = {isa = PBXBuildFile; fileRef = 35B03E2B230C766E0045C031 /* PresenterInterface.swift */; };
		35B03E2E230C76890045C031 /* ViewInterface.swift in Sources */ = {isa = PBXBuildFile; fileRef = 35B03E2D230C76890045C031 /* ViewInterface.swift */; };
		35B03E30230C76A80045C031 /* InteractorInterface.swift in Sources */ = {isa = PBXBuildFile; fileRef = 35B03E2F230C76A80045C031 /* InteractorInterface.swift */; };
		35B03E34230C770A0045C031 /* RouterInterface.swift in Sources */ = {isa = PBXBuildFile; fileRef = 35B03E33230C770A0045C031 /* RouterInterface.swift */; };
		35B03E39230C78550045C031 /* FGKit.framework in Frameworks */ = {isa = PBXBuildFile; fileRef = 3595F21C22FA073000BA429F /* FGKit.framework */; };
		35B03E3A230C78550045C031 /* FGKit.framework in Embed Frameworks */ = {isa = PBXBuildFile; fileRef = 3595F21C22FA073000BA429F /* FGKit.framework */; settings = {ATTRIBUTES = (CodeSignOnCopy, RemoveHeadersOnCopy, ); }; };
		35B03E46230C7A320045C031 /* FormPresenter.swift in Sources */ = {isa = PBXBuildFile; fileRef = 35B03E3F230C7A320045C031 /* FormPresenter.swift */; };
		35B03E47230C7A320045C031 /* FormViewController.swift in Sources */ = {isa = PBXBuildFile; fileRef = 35B03E40230C7A320045C031 /* FormViewController.swift */; };
		35B03E48230C7A320045C031 /* Form.storyboard in Resources */ = {isa = PBXBuildFile; fileRef = 35B03E42230C7A320045C031 /* Form.storyboard */; };
		35B03E49230C7A320045C031 /* FormInteractor.swift in Sources */ = {isa = PBXBuildFile; fileRef = 35B03E43230C7A320045C031 /* FormInteractor.swift */; };
		35B03E4A230C7A320045C031 /* FormProtocol.swift in Sources */ = {isa = PBXBuildFile; fileRef = 35B03E44230C7A320045C031 /* FormProtocol.swift */; };
		35B03E4B230C7A320045C031 /* FormRouter.swift in Sources */ = {isa = PBXBuildFile; fileRef = 35B03E45230C7A320045C031 /* FormRouter.swift */; };
		35B03E5C230DE84D0045C031 /* Log.swift in Sources */ = {isa = PBXBuildFile; fileRef = 35B03E5B230DE84D0045C031 /* Log.swift */; };
		35E46F1422FB5DC20073224F /* UIView+Extension.swift in Sources */ = {isa = PBXBuildFile; fileRef = 35E46F1322FB5DC20073224F /* UIView+Extension.swift */; };
		35F524E22318799E009308DD /* Assets.xcassets in Resources */ = {isa = PBXBuildFile; fileRef = 35F524E12318799E009308DD /* Assets.xcassets */; };
		7AD33DDBC884A7407F923294 /* Pods_FGKit.framework in Frameworks */ = {isa = PBXBuildFile; fileRef = B17C548333A9A3370C7DFE72 /* Pods_FGKit.framework */; };
		7E4EC1EE054248DFD39BCF5C /* Pods_FGDemo.framework in Frameworks */ = {isa = PBXBuildFile; fileRef = EF4CE461DFB3BDC5AF6814F2 /* Pods_FGDemo.framework */; };
		E50FAEA0232DC309002350ED /* Util.swift in Sources */ = {isa = PBXBuildFile; fileRef = E50FAE9F232DC309002350ED /* Util.swift */; };
		E54B586C2302556300A50B7D /* Message.swift in Sources */ = {isa = PBXBuildFile; fileRef = E54B586B2302556300A50B7D /* Message.swift */; };
		E5ACB80B230CD8C000A9D614 /* NibDesignable.swift in Sources */ = {isa = PBXBuildFile; fileRef = E5ACB80A230CD8C000A9D614 /* NibDesignable.swift */; };
		E5BA4BAB23208CD200CB9BC7 /* UITextField+Extension.swift in Sources */ = {isa = PBXBuildFile; fileRef = E5BA4BAA23208CD200CB9BC7 /* UITextField+Extension.swift */; };
		E5CADE232317530200E9D793 /* FGPageCell.swift in Sources */ = {isa = PBXBuildFile; fileRef = E5CADE212317530200E9D793 /* FGPageCell.swift */; };
		E5CADE242317530200E9D793 /* FGPageCell.xib in Resources */ = {isa = PBXBuildFile; fileRef = E5CADE222317530200E9D793 /* FGPageCell.xib */; };
		E5CADE26231762CA00E9D793 /* FGPageStyled.swift in Sources */ = {isa = PBXBuildFile; fileRef = E5CADE25231762CA00E9D793 /* FGPageStyled.swift */; };
		E5FCCFD32326FEE60046B6AA /* UIImageView+Extension.swift in Sources */ = {isa = PBXBuildFile; fileRef = E5FCCFD22326FEE60046B6AA /* UIImageView+Extension.swift */; };
/* End PBXBuildFile section */

/* Begin PBXContainerItemProxy section */
		35B03E3B230C78550045C031 /* PBXContainerItemProxy */ = {
			isa = PBXContainerItemProxy;
			containerPortal = 3595F21322FA073000BA429F /* Project object */;
			proxyType = 1;
			remoteGlobalIDString = 3595F21B22FA073000BA429F;
			remoteInfo = FGKit;
		};
/* End PBXContainerItemProxy section */

/* Begin PBXCopyFilesBuildPhase section */
		35B03E3D230C78550045C031 /* Embed Frameworks */ = {
			isa = PBXCopyFilesBuildPhase;
			buildActionMask = 2147483647;
			dstPath = "";
			dstSubfolderSpec = 10;
			files = (
				35B03E3A230C78550045C031 /* FGKit.framework in Embed Frameworks */,
			);
			name = "Embed Frameworks";
			runOnlyForDeploymentPostprocessing = 0;
		};
/* End PBXCopyFilesBuildPhase section */

/* Begin PBXFileReference section */
		2D95648133BFD9B21A842270 /* Pods-FGKit.release.xcconfig */ = {isa = PBXFileReference; includeInIndex = 1; lastKnownFileType = text.xcconfig; name = "Pods-FGKit.release.xcconfig"; path = "Target Support Files/Pods-FGKit/Pods-FGKit.release.xcconfig"; sourceTree = "<group>"; };
		353D12102301B8AA001C0A2D /* Form.swift */ = {isa = PBXFileReference; lastKnownFileType = sourcecode.swift; path = Form.swift; sourceTree = "<group>"; };
		353D12122301C91B001C0A2D /* String+Extension.swift */ = {isa = PBXFileReference; lastKnownFileType = sourcecode.swift; path = "String+Extension.swift"; sourceTree = "<group>"; };
		353D12162301D074001C0A2D /* Field.swift */ = {isa = PBXFileReference; lastKnownFileType = sourcecode.swift; path = Field.swift; sourceTree = "<group>"; };
		3575620223158ADE00DC882B /* UIImage+Extension.swift */ = {isa = PBXFileReference; lastKnownFileType = sourcecode.swift; path = "UIImage+Extension.swift"; sourceTree = "<group>"; };
		35756218231598DB00DC882B /* FGPageView.swift */ = {isa = PBXFileReference; lastKnownFileType = sourcecode.swift; path = FGPageView.swift; sourceTree = "<group>"; };
		357562232315A5FC00DC882B /* PageInteractor.swift */ = {isa = PBXFileReference; fileEncoding = 4; lastKnownFileType = sourcecode.swift; path = PageInteractor.swift; sourceTree = "<group>"; };
		357562242315A5FC00DC882B /* PageRouter.swift */ = {isa = PBXFileReference; fileEncoding = 4; lastKnownFileType = sourcecode.swift; path = PageRouter.swift; sourceTree = "<group>"; };
		357562252315A5FC00DC882B /* PagePresenter.swift */ = {isa = PBXFileReference; fileEncoding = 4; lastKnownFileType = sourcecode.swift; path = PagePresenter.swift; sourceTree = "<group>"; };
		357562272315A5FC00DC882B /* Page.storyboard */ = {isa = PBXFileReference; fileEncoding = 4; lastKnownFileType = file.storyboard; path = Page.storyboard; sourceTree = "<group>"; };
		357562282315A5FC00DC882B /* PageProtocol.swift */ = {isa = PBXFileReference; fileEncoding = 4; lastKnownFileType = sourcecode.swift; path = PageProtocol.swift; sourceTree = "<group>"; };
		357562292315A5FC00DC882B /* PageView.swift */ = {isa = PBXFileReference; fileEncoding = 4; lastKnownFileType = sourcecode.swift; path = PageView.swift; sourceTree = "<group>"; };
		357562302315B40200DC882B /* FGPageEntity.swift */ = {isa = PBXFileReference; lastKnownFileType = sourcecode.swift; path = FGPageEntity.swift; sourceTree = "<group>"; };
		357562912315E50E00DC882B /* FGPage.xib */ = {isa = PBXFileReference; lastKnownFileType = file.xib; path = FGPage.xib; sourceTree = "<group>"; };
		357562932315E57000DC882B /* FGPageHeader.swift */ = {isa = PBXFileReference; lastKnownFileType = sourcecode.swift; path = FGPageHeader.swift; sourceTree = "<group>"; };
		357562942315E57000DC882B /* FGPageHeader.xib */ = {isa = PBXFileReference; lastKnownFileType = file.xib; path = FGPageHeader.xib; sourceTree = "<group>"; };
		358054E322FB5158001EE9CD /* FGDemo.app */ = {isa = PBXFileReference; explicitFileType = wrapper.application; includeInIndex = 0; path = FGDemo.app; sourceTree = BUILT_PRODUCTS_DIR; };
		358054E522FB5158001EE9CD /* AppDelegate.swift */ = {isa = PBXFileReference; lastKnownFileType = sourcecode.swift; path = AppDelegate.swift; sourceTree = "<group>"; };
		358054ED22FB5158001EE9CD /* FGDemo.xcdatamodel */ = {isa = PBXFileReference; lastKnownFileType = wrapper.xcdatamodel; path = FGDemo.xcdatamodel; sourceTree = "<group>"; };
		358054EF22FB515A001EE9CD /* Assets.xcassets */ = {isa = PBXFileReference; lastKnownFileType = folder.assetcatalog; path = Assets.xcassets; sourceTree = "<group>"; };
		358054F222FB515A001EE9CD /* Base */ = {isa = PBXFileReference; lastKnownFileType = file.storyboard; name = Base; path = Base.lproj/LaunchScreen.storyboard; sourceTree = "<group>"; };
		358054F422FB515A001EE9CD /* Info.plist */ = {isa = PBXFileReference; lastKnownFileType = text.plist.xml; path = Info.plist; sourceTree = "<group>"; };
		3595F21C22FA073000BA429F /* FGKit.framework */ = {isa = PBXFileReference; explicitFileType = wrapper.framework; includeInIndex = 0; path = FGKit.framework; sourceTree = BUILT_PRODUCTS_DIR; };
		3595F21F22FA073000BA429F /* FGKit.h */ = {isa = PBXFileReference; lastKnownFileType = sourcecode.c.h; path = FGKit.h; sourceTree = "<group>"; };
		3595F22022FA073000BA429F /* Info.plist */ = {isa = PBXFileReference; lastKnownFileType = text.plist.xml; path = Info.plist; sourceTree = "<group>"; };
		3595F22C22FA081E00BA429F /* Styled.swift */ = {isa = PBXFileReference; fileEncoding = 4; lastKnownFileType = sourcecode.swift; path = Styled.swift; sourceTree = "<group>"; };
		3595F22E22FA084700BA429F /* UILabel+Extension.swift */ = {isa = PBXFileReference; fileEncoding = 4; lastKnownFileType = sourcecode.swift; path = "UILabel+Extension.swift"; sourceTree = "<group>"; };
		3595F22F22FA084700BA429F /* UIFont+Extension.swift */ = {isa = PBXFileReference; fileEncoding = 4; lastKnownFileType = sourcecode.swift; path = "UIFont+Extension.swift"; sourceTree = "<group>"; };
		3595F23022FA084700BA429F /* UIButton+Extension.swift */ = {isa = PBXFileReference; fileEncoding = 4; lastKnownFileType = sourcecode.swift; path = "UIButton+Extension.swift"; sourceTree = "<group>"; };
		3595F23122FA084700BA429F /* UserDefaults+Extension.swift */ = {isa = PBXFileReference; fileEncoding = 4; lastKnownFileType = sourcecode.swift; path = "UserDefaults+Extension.swift"; sourceTree = "<group>"; };
		3595F23622FA089900BA429F /* Security.swift */ = {isa = PBXFileReference; fileEncoding = 4; lastKnownFileType = sourcecode.swift; path = Security.swift; sourceTree = "<group>"; };
		3595F23822FA08CF00BA429F /* Layout.swift */ = {isa = PBXFileReference; fileEncoding = 4; lastKnownFileType = sourcecode.swift; path = Layout.swift; sourceTree = "<group>"; };
		3595F24D22FA098000BA429F /* LOOCryptString.h */ = {isa = PBXFileReference; fileEncoding = 4; lastKnownFileType = sourcecode.c.h; path = LOOCryptString.h; sourceTree = "<group>"; };
		3595F24E22FA098000BA429F /* DJailbreakDetector.m */ = {isa = PBXFileReference; fileEncoding = 4; lastKnownFileType = sourcecode.c.objc; path = DJailbreakDetector.m; sourceTree = "<group>"; };
		3595F24F22FA098000BA429F /* DJailbreakDetector.h */ = {isa = PBXFileReference; fileEncoding = 4; lastKnownFileType = sourcecode.c.h; path = DJailbreakDetector.h; sourceTree = "<group>"; };
		3595F25022FA098000BA429F /* LOOCryptString.m */ = {isa = PBXFileReference; fileEncoding = 4; lastKnownFileType = sourcecode.c.objc; path = LOOCryptString.m; sourceTree = "<group>"; };
		3595F25122FA098000BA429F /* DJailbreakDetector.m-e */ = {isa = PBXFileReference; fileEncoding = 4; lastKnownFileType = text; path = "DJailbreakDetector.m-e"; sourceTree = "<group>"; };
		3595F26822FA09CE00BA429F /* UIColor+Extension.swift */ = {isa = PBXFileReference; fileEncoding = 4; lastKnownFileType = sourcecode.swift; path = "UIColor+Extension.swift"; sourceTree = "<group>"; };
		3595F26A22FA0A5800BA429F /* UIContol+Extension.swift */ = {isa = PBXFileReference; fileEncoding = 4; lastKnownFileType = sourcecode.swift; path = "UIContol+Extension.swift"; sourceTree = "<group>"; };
		3595F26D22FA0A7700BA429F /* DateFormatTransform.swift */ = {isa = PBXFileReference; fileEncoding = 4; lastKnownFileType = sourcecode.swift; path = DateFormatTransform.swift; sourceTree = "<group>"; };
		3595F26E22FA0A7700BA429F /* IntTransform.swift */ = {isa = PBXFileReference; fileEncoding = 4; lastKnownFileType = sourcecode.swift; path = IntTransform.swift; sourceTree = "<group>"; };
		3595F27322FA0ADA00BA429F /* Run.swift */ = {isa = PBXFileReference; lastKnownFileType = sourcecode.swift; path = Run.swift; sourceTree = "<group>"; };
		3595F27522FA10BE00BA429F /* ClosureSleeve.swift */ = {isa = PBXFileReference; fileEncoding = 4; lastKnownFileType = sourcecode.swift; path = ClosureSleeve.swift; sourceTree = "<group>"; };
		359A654B2318342700C8C00E /* FGErrorView.swift */ = {isa = PBXFileReference; lastKnownFileType = sourcecode.swift; path = FGErrorView.swift; sourceTree = "<group>"; };
		359A654E2318344100C8C00E /* FGError.xib */ = {isa = PBXFileReference; lastKnownFileType = file.xib; path = FGError.xib; sourceTree = "<group>"; };
		359A65502318385800C8C00E /* FGErrorStyled.swift */ = {isa = PBXFileReference; lastKnownFileType = sourcecode.swift; path = FGErrorStyled.swift; sourceTree = "<group>"; };
		35A99343230C6DC3003A62B2 /* Menu.storyboard */ = {isa = PBXFileReference; lastKnownFileType = file.storyboard; path = Menu.storyboard; sourceTree = "<group>"; };
		35A99344230C6DC3003A62B2 /* MenuProtocol.swift */ = {isa = PBXFileReference; lastKnownFileType = sourcecode.swift; path = MenuProtocol.swift; sourceTree = "<group>"; };
		35A99345230C6DC3003A62B2 /* MenuPresenter.swift */ = {isa = PBXFileReference; lastKnownFileType = sourcecode.swift; path = MenuPresenter.swift; sourceTree = "<group>"; };
		35A99346230C6DC3003A62B2 /* MenuViewController.swift */ = {isa = PBXFileReference; lastKnownFileType = sourcecode.swift; path = MenuViewController.swift; sourceTree = "<group>"; };
		35A99347230C6DC3003A62B2 /* MenuInteractor.swift */ = {isa = PBXFileReference; lastKnownFileType = sourcecode.swift; path = MenuInteractor.swift; sourceTree = "<group>"; };
		35A99348230C6DC3003A62B2 /* MenuRouter.swift */ = {isa = PBXFileReference; lastKnownFileType = sourcecode.swift; path = MenuRouter.swift; sourceTree = "<group>"; };
		35A9936B230C721F003A62B2 /* UIStoryboard+Extension.swift */ = {isa = PBXFileReference; lastKnownFileType = sourcecode.swift; path = "UIStoryboard+Extension.swift"; sourceTree = "<group>"; };
		35A9936D230C7263003A62B2 /* UIViewController+Extension.swift */ = {isa = PBXFileReference; lastKnownFileType = sourcecode.swift; path = "UIViewController+Extension.swift"; sourceTree = "<group>"; };
		35A9936F230C7291003A62B2 /* UINavigationController+Extension.swift */ = {isa = PBXFileReference; lastKnownFileType = sourcecode.swift; path = "UINavigationController+Extension.swift"; sourceTree = "<group>"; };
		35B03E2B230C766E0045C031 /* PresenterInterface.swift */ = {isa = PBXFileReference; lastKnownFileType = sourcecode.swift; path = PresenterInterface.swift; sourceTree = "<group>"; };
		35B03E2D230C76890045C031 /* ViewInterface.swift */ = {isa = PBXFileReference; lastKnownFileType = sourcecode.swift; path = ViewInterface.swift; sourceTree = "<group>"; };
		35B03E2F230C76A80045C031 /* InteractorInterface.swift */ = {isa = PBXFileReference; lastKnownFileType = sourcecode.swift; path = InteractorInterface.swift; sourceTree = "<group>"; };
		35B03E33230C770A0045C031 /* RouterInterface.swift */ = {isa = PBXFileReference; lastKnownFileType = sourcecode.swift; path = RouterInterface.swift; sourceTree = "<group>"; };
		35B03E3F230C7A320045C031 /* FormPresenter.swift */ = {isa = PBXFileReference; fileEncoding = 4; lastKnownFileType = sourcecode.swift; path = FormPresenter.swift; sourceTree = "<group>"; };
		35B03E40230C7A320045C031 /* FormViewController.swift */ = {isa = PBXFileReference; fileEncoding = 4; lastKnownFileType = sourcecode.swift; path = FormViewController.swift; sourceTree = "<group>"; };
		35B03E42230C7A320045C031 /* Form.storyboard */ = {isa = PBXFileReference; fileEncoding = 4; lastKnownFileType = file.storyboard; path = Form.storyboard; sourceTree = "<group>"; };
		35B03E43230C7A320045C031 /* FormInteractor.swift */ = {isa = PBXFileReference; fileEncoding = 4; lastKnownFileType = sourcecode.swift; path = FormInteractor.swift; sourceTree = "<group>"; };
		35B03E44230C7A320045C031 /* FormProtocol.swift */ = {isa = PBXFileReference; fileEncoding = 4; lastKnownFileType = sourcecode.swift; path = FormProtocol.swift; sourceTree = "<group>"; };
		35B03E45230C7A320045C031 /* FormRouter.swift */ = {isa = PBXFileReference; fileEncoding = 4; lastKnownFileType = sourcecode.swift; path = FormRouter.swift; sourceTree = "<group>"; };
		35B03E5B230DE84D0045C031 /* Log.swift */ = {isa = PBXFileReference; lastKnownFileType = sourcecode.swift; path = Log.swift; sourceTree = "<group>"; };
		35E46EFE22FB54FE0073224F /* FGDemo-Header.h */ = {isa = PBXFileReference; lastKnownFileType = sourcecode.c.h; path = "FGDemo-Header.h"; sourceTree = "<group>"; };
		35E46F1322FB5DC20073224F /* UIView+Extension.swift */ = {isa = PBXFileReference; lastKnownFileType = sourcecode.swift; path = "UIView+Extension.swift"; sourceTree = "<group>"; };
		35F524E12318799E009308DD /* Assets.xcassets */ = {isa = PBXFileReference; lastKnownFileType = folder.assetcatalog; path = Assets.xcassets; sourceTree = "<group>"; };
		47CFD5B27F63A6599288BA04 /* Pods-FGDemo.debug.xcconfig */ = {isa = PBXFileReference; includeInIndex = 1; lastKnownFileType = text.xcconfig; name = "Pods-FGDemo.debug.xcconfig"; path = "Target Support Files/Pods-FGDemo/Pods-FGDemo.debug.xcconfig"; sourceTree = "<group>"; };
		B17C548333A9A3370C7DFE72 /* Pods_FGKit.framework */ = {isa = PBXFileReference; explicitFileType = wrapper.framework; includeInIndex = 0; path = Pods_FGKit.framework; sourceTree = BUILT_PRODUCTS_DIR; };
		D93E2E6CD93546594459A34F /* Pods-FGDemo.release.xcconfig */ = {isa = PBXFileReference; includeInIndex = 1; lastKnownFileType = text.xcconfig; name = "Pods-FGDemo.release.xcconfig"; path = "Target Support Files/Pods-FGDemo/Pods-FGDemo.release.xcconfig"; sourceTree = "<group>"; };
		E50FAE9F232DC309002350ED /* Util.swift */ = {isa = PBXFileReference; lastKnownFileType = sourcecode.swift; path = Util.swift; sourceTree = "<group>"; };
		E54B586B2302556300A50B7D /* Message.swift */ = {isa = PBXFileReference; fileEncoding = 4; lastKnownFileType = sourcecode.swift; path = Message.swift; sourceTree = "<group>"; };
		E5ACB80A230CD8C000A9D614 /* NibDesignable.swift */ = {isa = PBXFileReference; lastKnownFileType = sourcecode.swift; path = NibDesignable.swift; sourceTree = "<group>"; };
		E5BA4BAA23208CD200CB9BC7 /* UITextField+Extension.swift */ = {isa = PBXFileReference; lastKnownFileType = sourcecode.swift; path = "UITextField+Extension.swift"; sourceTree = "<group>"; };
		E5CADE212317530200E9D793 /* FGPageCell.swift */ = {isa = PBXFileReference; fileEncoding = 4; lastKnownFileType = sourcecode.swift; path = FGPageCell.swift; sourceTree = "<group>"; };
		E5CADE222317530200E9D793 /* FGPageCell.xib */ = {isa = PBXFileReference; fileEncoding = 4; lastKnownFileType = file.xib; path = FGPageCell.xib; sourceTree = "<group>"; };
		E5CADE25231762CA00E9D793 /* FGPageStyled.swift */ = {isa = PBXFileReference; lastKnownFileType = sourcecode.swift; path = FGPageStyled.swift; sourceTree = "<group>"; };
		E5FCCFD22326FEE60046B6AA /* UIImageView+Extension.swift */ = {isa = PBXFileReference; lastKnownFileType = sourcecode.swift; path = "UIImageView+Extension.swift"; sourceTree = "<group>"; };
		E92A42DD79572E31102B1536 /* Pods-FGKit.debug.xcconfig */ = {isa = PBXFileReference; includeInIndex = 1; lastKnownFileType = text.xcconfig; name = "Pods-FGKit.debug.xcconfig"; path = "Target Support Files/Pods-FGKit/Pods-FGKit.debug.xcconfig"; sourceTree = "<group>"; };
		EF4CE461DFB3BDC5AF6814F2 /* Pods_FGDemo.framework */ = {isa = PBXFileReference; explicitFileType = wrapper.framework; includeInIndex = 0; path = Pods_FGDemo.framework; sourceTree = BUILT_PRODUCTS_DIR; };
/* End PBXFileReference section */

/* Begin PBXFrameworksBuildPhase section */
		358054E022FB5158001EE9CD /* Frameworks */ = {
			isa = PBXFrameworksBuildPhase;
			buildActionMask = 2147483647;
			files = (
				35B03E39230C78550045C031 /* FGKit.framework in Frameworks */,
				7E4EC1EE054248DFD39BCF5C /* Pods_FGDemo.framework in Frameworks */,
			);
			runOnlyForDeploymentPostprocessing = 0;
		};
		3595F21922FA073000BA429F /* Frameworks */ = {
			isa = PBXFrameworksBuildPhase;
			buildActionMask = 2147483647;
			files = (
				7AD33DDBC884A7407F923294 /* Pods_FGKit.framework in Frameworks */,
			);
			runOnlyForDeploymentPostprocessing = 0;
		};
/* End PBXFrameworksBuildPhase section */

/* Begin PBXGroup section */
		353D120F2301B7EA001C0A2D /* form */ = {
			isa = PBXGroup;
			children = (
				353D12162301D074001C0A2D /* Field.swift */,
				353D12102301B8AA001C0A2D /* Form.swift */,
			);
			path = form;
			sourceTree = "<group>";
		};
		3575620423158F6400DC882B /* views */ = {
			isa = PBXGroup;
			children = (
				359A654A2318337400C8C00E /* fgerror */,
				357562052315904A00DC882B /* fgpage */,
			);
			path = views;
			sourceTree = "<group>";
		};
		357562052315904A00DC882B /* fgpage */ = {
			isa = PBXGroup;
			children = (
				35756218231598DB00DC882B /* FGPageView.swift */,
				357562302315B40200DC882B /* FGPageEntity.swift */,
				E5CADE25231762CA00E9D793 /* FGPageStyled.swift */,
				357562902315E4FB00DC882B /* view */,
				35756214231596E400DC882B /* extra */,
			);
			path = fgpage;
			sourceTree = "<group>";
		};
		357562092315960800DC882B /* cell */ = {
			isa = PBXGroup;
			children = (
				E5CADE1C23162BB200E9D793 /* cell */,
				357562972315E57500DC882B /* header */,
			);
			path = cell;
			sourceTree = "<group>";
		};
		35756214231596E400DC882B /* extra */ = {
			isa = PBXGroup;
			children = (
				357562092315960800DC882B /* cell */,
			);
			path = extra;
			sourceTree = "<group>";
		};
		357562222315A5FC00DC882B /* page-module */ = {
			isa = PBXGroup;
			children = (
				357562282315A5FC00DC882B /* PageProtocol.swift */,
				357562292315A5FC00DC882B /* PageView.swift */,
				357562232315A5FC00DC882B /* PageInteractor.swift */,
				357562252315A5FC00DC882B /* PagePresenter.swift */,
				357562242315A5FC00DC882B /* PageRouter.swift */,
				357562262315A5FC00DC882B /* storyboard */,
			);
			path = "page-module";
			sourceTree = "<group>";
		};
		357562262315A5FC00DC882B /* storyboard */ = {
			isa = PBXGroup;
			children = (
				357562272315A5FC00DC882B /* Page.storyboard */,
			);
			path = storyboard;
			sourceTree = "<group>";
		};
		357562902315E4FB00DC882B /* view */ = {
			isa = PBXGroup;
			children = (
				357562912315E50E00DC882B /* FGPage.xib */,
			);
			path = view;
			sourceTree = "<group>";
		};
		357562972315E57500DC882B /* header */ = {
			isa = PBXGroup;
			children = (
				357562932315E57000DC882B /* FGPageHeader.swift */,
				357562942315E57000DC882B /* FGPageHeader.xib */,
			);
			path = header;
			sourceTree = "<group>";
		};
		358054E422FB5158001EE9CD /* FGDemo */ = {
			isa = PBXGroup;
			children = (
				358054F822FB51BB001EE9CD /* app */,
				358054F922FB51CA001EE9CD /* app-assets */,
				358054FA22FB5264001EE9CD /* app-module */,
				358054F422FB515A001EE9CD /* Info.plist */,
				358054EC22FB5158001EE9CD /* FGDemo.xcdatamodeld */,
				35E46EFE22FB54FE0073224F /* FGDemo-Header.h */,
			);
			path = FGDemo;
			sourceTree = "<group>";
		};
		358054F822FB51BB001EE9CD /* app */ = {
			isa = PBXGroup;
			children = (
				358054E522FB5158001EE9CD /* AppDelegate.swift */,
			);
			path = app;
			sourceTree = "<group>";
		};
		358054F922FB51CA001EE9CD /* app-assets */ = {
			isa = PBXGroup;
			children = (
				358054EF22FB515A001EE9CD /* Assets.xcassets */,
				358054F122FB515A001EE9CD /* LaunchScreen.storyboard */,
			);
			path = "app-assets";
			sourceTree = "<group>";
		};
		358054FA22FB5264001EE9CD /* app-module */ = {
			isa = PBXGroup;
			children = (
				357562222315A5FC00DC882B /* page-module */,
				35B03E3E230C7A320045C031 /* form-module */,
				35A99342230C6DAD003A62B2 /* menu-module */,
			);
			path = "app-module";
			sourceTree = "<group>";
		};
		3595F21222FA073000BA429F = {
			isa = PBXGroup;
			children = (
				3595F21E22FA073000BA429F /* FGKit */,
				358054E422FB5158001EE9CD /* FGDemo */,
				3595F21D22FA073000BA429F /* Products */,
				B8E7FAF65F8C36887840FE9F /* Pods */,
				7579D52EFA1DCA4B6D23C2AF /* Frameworks */,
			);
			sourceTree = "<group>";
		};
		3595F21D22FA073000BA429F /* Products */ = {
			isa = PBXGroup;
			children = (
				3595F21C22FA073000BA429F /* FGKit.framework */,
				358054E322FB5158001EE9CD /* FGDemo.app */,
			);
			name = Products;
			sourceTree = "<group>";
		};
		3595F21E22FA073000BA429F /* FGKit */ = {
			isa = PBXGroup;
			children = (
				35F524E12318799E009308DD /* Assets.xcassets */,
				3575620423158F6400DC882B /* views */,
				3595F22922FA07E600BA429F /* util */,
				3595F22A22FA07F100BA429F /* styled */,
				353D120F2301B7EA001C0A2D /* form */,
				3595F26722FA09C200BA429F /* extension */,
				3595F26C22FA0A7700BA429F /* objectmapper */,
				35A99371230C738A003A62B2 /* interfaces */,
				3595F22822FA07DD00BA429F /* libraries */,
				3595F21F22FA073000BA429F /* FGKit.h */,
				3595F22022FA073000BA429F /* Info.plist */,
			);
			path = FGKit;
			sourceTree = "<group>";
		};
		3595F22822FA07DD00BA429F /* libraries */ = {
			isa = PBXGroup;
			children = (
				3595F24C22FA098000BA429F /* DSJailBreakDetection */,
			);
			path = libraries;
			sourceTree = "<group>";
		};
		3595F22922FA07E600BA429F /* util */ = {
			isa = PBXGroup;
			children = (
				3595F27322FA0ADA00BA429F /* Run.swift */,
				3595F23822FA08CF00BA429F /* Layout.swift */,
				3595F23622FA089900BA429F /* Security.swift */,
				E54B586B2302556300A50B7D /* Message.swift */,
				3595F27522FA10BE00BA429F /* ClosureSleeve.swift */,
				E5ACB80A230CD8C000A9D614 /* NibDesignable.swift */,
				35B03E5B230DE84D0045C031 /* Log.swift */,
				E50FAE9F232DC309002350ED /* Util.swift */,
			);
			path = util;
			sourceTree = "<group>";
		};
		3595F22A22FA07F100BA429F /* styled */ = {
			isa = PBXGroup;
			children = (
				3595F22C22FA081E00BA429F /* Styled.swift */,
				3595F22B22FA07F800BA429F /* extension */,
			);
			path = styled;
			sourceTree = "<group>";
		};
		3595F22B22FA07F800BA429F /* extension */ = {
			isa = PBXGroup;
			children = (
				35E46F1322FB5DC20073224F /* UIView+Extension.swift */,
				3595F22E22FA084700BA429F /* UILabel+Extension.swift */,
				3595F23022FA084700BA429F /* UIButton+Extension.swift */,
			);
			path = extension;
			sourceTree = "<group>";
		};
		3595F24C22FA098000BA429F /* DSJailBreakDetection */ = {
			isa = PBXGroup;
			children = (
				3595F24D22FA098000BA429F /* LOOCryptString.h */,
				3595F24E22FA098000BA429F /* DJailbreakDetector.m */,
				3595F24F22FA098000BA429F /* DJailbreakDetector.h */,
				3595F25022FA098000BA429F /* LOOCryptString.m */,
				3595F25122FA098000BA429F /* DJailbreakDetector.m-e */,
			);
			path = DSJailBreakDetection;
			sourceTree = "<group>";
		};
		3595F26722FA09C200BA429F /* extension */ = {
			isa = PBXGroup;
			children = (
				353D12122301C91B001C0A2D /* String+Extension.swift */,
				3595F22F22FA084700BA429F /* UIFont+Extension.swift */,
				3595F26822FA09CE00BA429F /* UIColor+Extension.swift */,
				3575620223158ADE00DC882B /* UIImage+Extension.swift */,
				E5FCCFD22326FEE60046B6AA /* UIImageView+Extension.swift */,
				3595F26A22FA0A5800BA429F /* UIContol+Extension.swift */,
				3595F23122FA084700BA429F /* UserDefaults+Extension.swift */,
				35A9936B230C721F003A62B2 /* UIStoryboard+Extension.swift */,
				35A9936D230C7263003A62B2 /* UIViewController+Extension.swift */,
				35A9936F230C7291003A62B2 /* UINavigationController+Extension.swift */,
				E5BA4BAA23208CD200CB9BC7 /* UITextField+Extension.swift */,
			);
			path = extension;
			sourceTree = "<group>";
		};
		3595F26C22FA0A7700BA429F /* objectmapper */ = {
			isa = PBXGroup;
			children = (
				3595F26E22FA0A7700BA429F /* IntTransform.swift */,
				3595F26D22FA0A7700BA429F /* DateFormatTransform.swift */,
			);
			path = objectmapper;
			sourceTree = "<group>";
		};
		359A654A2318337400C8C00E /* fgerror */ = {
			isa = PBXGroup;
			children = (
				359A654B2318342700C8C00E /* FGErrorView.swift */,
				359A65502318385800C8C00E /* FGErrorStyled.swift */,
				359A654D2318343000C8C00E /* view */,
			);
			path = fgerror;
			sourceTree = "<group>";
		};
		359A654D2318343000C8C00E /* view */ = {
			isa = PBXGroup;
			children = (
				359A654E2318344100C8C00E /* FGError.xib */,
			);
			path = view;
			sourceTree = "<group>";
		};
		35A99342230C6DAD003A62B2 /* menu-module */ = {
			isa = PBXGroup;
			children = (
				35A99344230C6DC3003A62B2 /* MenuProtocol.swift */,
				35A99346230C6DC3003A62B2 /* MenuViewController.swift */,
				35A99347230C6DC3003A62B2 /* MenuInteractor.swift */,
				35A99345230C6DC3003A62B2 /* MenuPresenter.swift */,
				35A99348230C6DC3003A62B2 /* MenuRouter.swift */,
				35A9936A230C7161003A62B2 /* storyboard */,
			);
			path = "menu-module";
			sourceTree = "<group>";
		};
		35A9936A230C7161003A62B2 /* storyboard */ = {
			isa = PBXGroup;
			children = (
				35A99343230C6DC3003A62B2 /* Menu.storyboard */,
			);
			path = storyboard;
			sourceTree = "<group>";
		};
		35A99371230C738A003A62B2 /* interfaces */ = {
			isa = PBXGroup;
			children = (
				35B03E2D230C76890045C031 /* ViewInterface.swift */,
				35B03E2F230C76A80045C031 /* InteractorInterface.swift */,
				35B03E2B230C766E0045C031 /* PresenterInterface.swift */,
				35B03E33230C770A0045C031 /* RouterInterface.swift */,
			);
			path = interfaces;
			sourceTree = "<group>";
		};
		35B03E3E230C7A320045C031 /* form-module */ = {
			isa = PBXGroup;
			children = (
				35B03E44230C7A320045C031 /* FormProtocol.swift */,
				35B03E40230C7A320045C031 /* FormViewController.swift */,
				35B03E43230C7A320045C031 /* FormInteractor.swift */,
				35B03E3F230C7A320045C031 /* FormPresenter.swift */,
				35B03E45230C7A320045C031 /* FormRouter.swift */,
				35B03E41230C7A320045C031 /* storyboard */,
			);
			path = "form-module";
			sourceTree = "<group>";
		};
		35B03E41230C7A320045C031 /* storyboard */ = {
			isa = PBXGroup;
			children = (
				35B03E42230C7A320045C031 /* Form.storyboard */,
			);
			path = storyboard;
			sourceTree = "<group>";
		};
		7579D52EFA1DCA4B6D23C2AF /* Frameworks */ = {
			isa = PBXGroup;
			children = (
				EF4CE461DFB3BDC5AF6814F2 /* Pods_FGDemo.framework */,
				B17C548333A9A3370C7DFE72 /* Pods_FGKit.framework */,
			);
			name = Frameworks;
			sourceTree = "<group>";
		};
		B8E7FAF65F8C36887840FE9F /* Pods */ = {
			isa = PBXGroup;
			children = (
				47CFD5B27F63A6599288BA04 /* Pods-FGDemo.debug.xcconfig */,
				D93E2E6CD93546594459A34F /* Pods-FGDemo.release.xcconfig */,
				E92A42DD79572E31102B1536 /* Pods-FGKit.debug.xcconfig */,
				2D95648133BFD9B21A842270 /* Pods-FGKit.release.xcconfig */,
			);
			path = Pods;
			sourceTree = "<group>";
		};
		E5CADE1C23162BB200E9D793 /* cell */ = {
			isa = PBXGroup;
			children = (
				E5CADE212317530200E9D793 /* FGPageCell.swift */,
				E5CADE222317530200E9D793 /* FGPageCell.xib */,
			);
			path = cell;
			sourceTree = "<group>";
		};
/* End PBXGroup section */

/* Begin PBXHeadersBuildPhase section */
		3595F21722FA073000BA429F /* Headers */ = {
			isa = PBXHeadersBuildPhase;
			buildActionMask = 2147483647;
			files = (
				3595F26422FA098000BA429F /* DJailbreakDetector.h in Headers */,
				3595F22122FA073000BA429F /* FGKit.h in Headers */,
				3595F26222FA098000BA429F /* LOOCryptString.h in Headers */,
			);
			runOnlyForDeploymentPostprocessing = 0;
		};
/* End PBXHeadersBuildPhase section */

/* Begin PBXNativeTarget section */
		358054E222FB5158001EE9CD /* FGDemo */ = {
			isa = PBXNativeTarget;
			buildConfigurationList = 358054F722FB515A001EE9CD /* Build configuration list for PBXNativeTarget "FGDemo" */;
			buildPhases = (
				A3B939A0DA32C19AB61B6BFD /* [CP] Check Pods Manifest.lock */,
				358054DF22FB5158001EE9CD /* Sources */,
				358054E022FB5158001EE9CD /* Frameworks */,
				358054E122FB5158001EE9CD /* Resources */,
				35B03E3D230C78550045C031 /* Embed Frameworks */,
				35A8CB26C75370A9986C0B64 /* [CP] Embed Pods Frameworks */,
			);
			buildRules = (
			);
			dependencies = (
				35B03E3C230C78550045C031 /* PBXTargetDependency */,
			);
			name = FGDemo;
			productName = FGDemo;
			productReference = 358054E322FB5158001EE9CD /* FGDemo.app */;
			productType = "com.apple.product-type.application";
		};
		3595F21B22FA073000BA429F /* FGKit */ = {
			isa = PBXNativeTarget;
			buildConfigurationList = 3595F22422FA073000BA429F /* Build configuration list for PBXNativeTarget "FGKit" */;
			buildPhases = (
				8FC92388A9A483A62ED840CA /* [CP] Check Pods Manifest.lock */,
				3595F21722FA073000BA429F /* Headers */,
				3595F21822FA073000BA429F /* Sources */,
				3595F21922FA073000BA429F /* Frameworks */,
				3595F21A22FA073000BA429F /* Resources */,
			);
			buildRules = (
			);
			dependencies = (
			);
			name = FGKit;
			productName = FGKit;
			productReference = 3595F21C22FA073000BA429F /* FGKit.framework */;
			productType = "com.apple.product-type.framework";
		};
/* End PBXNativeTarget section */

/* Begin PBXProject section */
		3595F21322FA073000BA429F /* Project object */ = {
			isa = PBXProject;
			attributes = {
				LastSwiftUpdateCheck = 1030;
				LastUpgradeCheck = 1030;
				ORGANIZATIONNAME = weeKG;
				TargetAttributes = {
					358054E222FB5158001EE9CD = {
						CreatedOnToolsVersion = 10.3;
					};
					3595F21B22FA073000BA429F = {
						CreatedOnToolsVersion = 10.3;
						LastSwiftMigration = 1030;
					};
				};
			};
			buildConfigurationList = 3595F21622FA073000BA429F /* Build configuration list for PBXProject "FGKit" */;
			compatibilityVersion = "Xcode 9.3";
			developmentRegion = en;
			hasScannedForEncodings = 0;
			knownRegions = (
				en,
				Base,
			);
			mainGroup = 3595F21222FA073000BA429F;
			productRefGroup = 3595F21D22FA073000BA429F /* Products */;
			projectDirPath = "";
			projectRoot = "";
			targets = (
				3595F21B22FA073000BA429F /* FGKit */,
				358054E222FB5158001EE9CD /* FGDemo */,
			);
		};
/* End PBXProject section */

/* Begin PBXResourcesBuildPhase section */
		358054E122FB5158001EE9CD /* Resources */ = {
			isa = PBXResourcesBuildPhase;
			buildActionMask = 2147483647;
			files = (
				35A99349230C6DC3003A62B2 /* Menu.storyboard in Resources */,
				35B03E48230C7A320045C031 /* Form.storyboard in Resources */,
				358054F322FB515A001EE9CD /* LaunchScreen.storyboard in Resources */,
				358054F022FB515A001EE9CD /* Assets.xcassets in Resources */,
				3575622D2315A5FC00DC882B /* Page.storyboard in Resources */,
			);
			runOnlyForDeploymentPostprocessing = 0;
		};
		3595F21A22FA073000BA429F /* Resources */ = {
			isa = PBXResourcesBuildPhase;
			buildActionMask = 2147483647;
			files = (
				359A654F2318344100C8C00E /* FGError.xib in Resources */,
				357562962315E57000DC882B /* FGPageHeader.xib in Resources */,
				E5CADE242317530200E9D793 /* FGPageCell.xib in Resources */,
				357562922315E50E00DC882B /* FGPage.xib in Resources */,
				35F524E22318799E009308DD /* Assets.xcassets in Resources */,
				3595F26622FA098000BA429F /* DJailbreakDetector.m-e in Resources */,
			);
			runOnlyForDeploymentPostprocessing = 0;
		};
/* End PBXResourcesBuildPhase section */

/* Begin PBXShellScriptBuildPhase section */
		35A8CB26C75370A9986C0B64 /* [CP] Embed Pods Frameworks */ = {
			isa = PBXShellScriptBuildPhase;
			buildActionMask = 2147483647;
			files = (
			);
			inputFileListPaths = (
				"${PODS_ROOT}/Target Support Files/Pods-FGDemo/Pods-FGDemo-frameworks-${CONFIGURATION}-input-files.xcfilelist",
			);
			name = "[CP] Embed Pods Frameworks";
			outputFileListPaths = (
				"${PODS_ROOT}/Target Support Files/Pods-FGDemo/Pods-FGDemo-frameworks-${CONFIGURATION}-output-files.xcfilelist",
			);
			runOnlyForDeploymentPostprocessing = 0;
			shellPath = /bin/sh;
			shellScript = "\"${PODS_ROOT}/Target Support Files/Pods-FGDemo/Pods-FGDemo-frameworks.sh\"\n";
			showEnvVarsInLog = 0;
		};
		8FC92388A9A483A62ED840CA /* [CP] Check Pods Manifest.lock */ = {
			isa = PBXShellScriptBuildPhase;
			buildActionMask = 2147483647;
			files = (
			);
			inputFileListPaths = (
			);
			inputPaths = (
				"${PODS_PODFILE_DIR_PATH}/Podfile.lock",
				"${PODS_ROOT}/Manifest.lock",
			);
			name = "[CP] Check Pods Manifest.lock";
			outputFileListPaths = (
			);
			outputPaths = (
				"$(DERIVED_FILE_DIR)/Pods-FGKit-checkManifestLockResult.txt",
			);
			runOnlyForDeploymentPostprocessing = 0;
			shellPath = /bin/sh;
			shellScript = "diff \"${PODS_PODFILE_DIR_PATH}/Podfile.lock\" \"${PODS_ROOT}/Manifest.lock\" > /dev/null\nif [ $? != 0 ] ; then\n    # print error to STDERR\n    echo \"error: The sandbox is not in sync with the Podfile.lock. Run 'pod install' or update your CocoaPods installation.\" >&2\n    exit 1\nfi\n# This output is used by Xcode 'outputs' to avoid re-running this script phase.\necho \"SUCCESS\" > \"${SCRIPT_OUTPUT_FILE_0}\"\n";
			showEnvVarsInLog = 0;
		};
		A3B939A0DA32C19AB61B6BFD /* [CP] Check Pods Manifest.lock */ = {
			isa = PBXShellScriptBuildPhase;
			buildActionMask = 2147483647;
			files = (
			);
			inputFileListPaths = (
			);
			inputPaths = (
				"${PODS_PODFILE_DIR_PATH}/Podfile.lock",
				"${PODS_ROOT}/Manifest.lock",
			);
			name = "[CP] Check Pods Manifest.lock";
			outputFileListPaths = (
			);
			outputPaths = (
				"$(DERIVED_FILE_DIR)/Pods-FGDemo-checkManifestLockResult.txt",
			);
			runOnlyForDeploymentPostprocessing = 0;
			shellPath = /bin/sh;
			shellScript = "diff \"${PODS_PODFILE_DIR_PATH}/Podfile.lock\" \"${PODS_ROOT}/Manifest.lock\" > /dev/null\nif [ $? != 0 ] ; then\n    # print error to STDERR\n    echo \"error: The sandbox is not in sync with the Podfile.lock. Run 'pod install' or update your CocoaPods installation.\" >&2\n    exit 1\nfi\n# This output is used by Xcode 'outputs' to avoid re-running this script phase.\necho \"SUCCESS\" > \"${SCRIPT_OUTPUT_FILE_0}\"\n";
			showEnvVarsInLog = 0;
		};
/* End PBXShellScriptBuildPhase section */

/* Begin PBXSourcesBuildPhase section */
		358054DF22FB5158001EE9CD /* Sources */ = {
			isa = PBXSourcesBuildPhase;
			buildActionMask = 2147483647;
			files = (
				3575622C2315A5FC00DC882B /* PagePresenter.swift in Sources */,
				35B03E49230C7A320045C031 /* FormInteractor.swift in Sources */,
				35A9934A230C6DC3003A62B2 /* MenuProtocol.swift in Sources */,
				35A9934E230C6DC3003A62B2 /* MenuRouter.swift in Sources */,
				3575622B2315A5FC00DC882B /* PageRouter.swift in Sources */,
				358054E622FB5158001EE9CD /* AppDelegate.swift in Sources */,
				35B03E4B230C7A320045C031 /* FormRouter.swift in Sources */,
				35A9934B230C6DC3003A62B2 /* MenuPresenter.swift in Sources */,
				35B03E47230C7A320045C031 /* FormViewController.swift in Sources */,
				358054EE22FB5158001EE9CD /* FGDemo.xcdatamodeld in Sources */,
				35B03E4A230C7A320045C031 /* FormProtocol.swift in Sources */,
				3575622A2315A5FC00DC882B /* PageInteractor.swift in Sources */,
				3575622E2315A5FC00DC882B /* PageProtocol.swift in Sources */,
				35A9934C230C6DC3003A62B2 /* MenuViewController.swift in Sources */,
				35B03E46230C7A320045C031 /* FormPresenter.swift in Sources */,
				3575622F2315A5FC00DC882B /* PageView.swift in Sources */,
				35A9934D230C6DC3003A62B2 /* MenuInteractor.swift in Sources */,
			);
			runOnlyForDeploymentPostprocessing = 0;
		};
		3595F21822FA073000BA429F /* Sources */ = {
			isa = PBXSourcesBuildPhase;
			buildActionMask = 2147483647;
			files = (
				35B03E30230C76A80045C031 /* InteractorInterface.swift in Sources */,
				3595F23322FA084700BA429F /* UIFont+Extension.swift in Sources */,
				359A65512318385800C8C00E /* FGErrorStyled.swift in Sources */,
				E5CADE26231762CA00E9D793 /* FGPageStyled.swift in Sources */,
				3595F26322FA098000BA429F /* DJailbreakDetector.m in Sources */,
				3595F27022FA0A7700BA429F /* DateFormatTransform.swift in Sources */,
				35A9936E230C7263003A62B2 /* UIViewController+Extension.swift in Sources */,
				3595F26B22FA0A5800BA429F /* UIContol+Extension.swift in Sources */,
				3595F26922FA09CE00BA429F /* UIColor+Extension.swift in Sources */,
				E5ACB80B230CD8C000A9D614 /* NibDesignable.swift in Sources */,
				35A9936C230C721F003A62B2 /* UIStoryboard+Extension.swift in Sources */,
				35B03E2C230C766E0045C031 /* PresenterInterface.swift in Sources */,
				3595F27622FA10BF00BA429F /* ClosureSleeve.swift in Sources */,
				353D12132301C91B001C0A2D /* String+Extension.swift in Sources */,
				3595F27422FA0ADA00BA429F /* Run.swift in Sources */,
				E5FCCFD32326FEE60046B6AA /* UIImageView+Extension.swift in Sources */,
				35E46F1422FB5DC20073224F /* UIView+Extension.swift in Sources */,
				3595F23422FA084700BA429F /* UIButton+Extension.swift in Sources */,
				35B03E34230C770A0045C031 /* RouterInterface.swift in Sources */,
				353D12172301D074001C0A2D /* Field.swift in Sources */,
				E5BA4BAB23208CD200CB9BC7 /* UITextField+Extension.swift in Sources */,
				E5CADE232317530200E9D793 /* FGPageCell.swift in Sources */,
				35A99370230C7291003A62B2 /* UINavigationController+Extension.swift in Sources */,
				3595F26522FA098000BA429F /* LOOCryptString.m in Sources */,
				35B03E5C230DE84D0045C031 /* Log.swift in Sources */,
				357562952315E57000DC882B /* FGPageHeader.swift in Sources */,
				35756219231598DB00DC882B /* FGPageView.swift in Sources */,
				E50FAEA0232DC309002350ED /* Util.swift in Sources */,
				3595F23222FA084700BA429F /* UILabel+Extension.swift in Sources */,
				353D12112301B8AA001C0A2D /* Form.swift in Sources */,
				359A654C2318342700C8C00E /* FGErrorView.swift in Sources */,
				3595F23522FA084700BA429F /* UserDefaults+Extension.swift in Sources */,
				3595F23922FA08CF00BA429F /* Layout.swift in Sources */,
				35B03E2E230C76890045C031 /* ViewInterface.swift in Sources */,
				3595F27122FA0A7700BA429F /* IntTransform.swift in Sources */,
				357562312315B40200DC882B /* FGPageEntity.swift in Sources */,
				E54B586C2302556300A50B7D /* Message.swift in Sources */,
				3575620323158ADE00DC882B /* UIImage+Extension.swift in Sources */,
				3595F22D22FA081E00BA429F /* Styled.swift in Sources */,
				3595F23722FA089900BA429F /* Security.swift in Sources */,
			);
			runOnlyForDeploymentPostprocessing = 0;
		};
/* End PBXSourcesBuildPhase section */

/* Begin PBXTargetDependency section */
		35B03E3C230C78550045C031 /* PBXTargetDependency */ = {
			isa = PBXTargetDependency;
			target = 3595F21B22FA073000BA429F /* FGKit */;
			targetProxy = 35B03E3B230C78550045C031 /* PBXContainerItemProxy */;
		};
/* End PBXTargetDependency section */

/* Begin PBXVariantGroup section */
		358054F122FB515A001EE9CD /* LaunchScreen.storyboard */ = {
			isa = PBXVariantGroup;
			children = (
				358054F222FB515A001EE9CD /* Base */,
			);
			name = LaunchScreen.storyboard;
			sourceTree = "<group>";
		};
/* End PBXVariantGroup section */

/* Begin XCBuildConfiguration section */
		358054F522FB515A001EE9CD /* Debug */ = {
			isa = XCBuildConfiguration;
			baseConfigurationReference = 47CFD5B27F63A6599288BA04 /* Pods-FGDemo.debug.xcconfig */;
			buildSettings = {
				ALWAYS_EMBED_SWIFT_STANDARD_LIBRARIES = "$(inherited)";
				ASSETCATALOG_COMPILER_APPICON_NAME = AppIcon;
				CODE_SIGN_STYLE = Automatic;
				DEVELOPMENT_TEAM = F4SLU66GWH;
				FRAMEWORK_SEARCH_PATHS = (
					"$(inherited)",
					"$(PROJECT_DIR)/FGDemo",
				);
				INFOPLIST_FILE = FGDemo/Info.plist;
				IPHONEOS_DEPLOYMENT_TARGET = 11.0;
				LD_RUNPATH_SEARCH_PATHS = (
					"$(inherited)",
					"@executable_path/Frameworks",
				);
				PRODUCT_BUNDLE_IDENTIFIER = com.weekg.FGDemo;
				PRODUCT_NAME = "$(TARGET_NAME)";
				SWIFT_OBJC_BRIDGING_HEADER = "FGDemo/FGDemo-Header.h";
				SWIFT_VERSION = 5.0;
				TARGETED_DEVICE_FAMILY = "1,2";
			};
			name = Debug;
		};
		358054F622FB515A001EE9CD /* Release */ = {
			isa = XCBuildConfiguration;
			baseConfigurationReference = D93E2E6CD93546594459A34F /* Pods-FGDemo.release.xcconfig */;
			buildSettings = {
				ALWAYS_EMBED_SWIFT_STANDARD_LIBRARIES = "$(inherited)";
				ASSETCATALOG_COMPILER_APPICON_NAME = AppIcon;
				CODE_SIGN_STYLE = Automatic;
				DEVELOPMENT_TEAM = F4SLU66GWH;
				FRAMEWORK_SEARCH_PATHS = (
					"$(inherited)",
					"$(PROJECT_DIR)/FGDemo",
				);
				INFOPLIST_FILE = FGDemo/Info.plist;
				IPHONEOS_DEPLOYMENT_TARGET = 11.0;
				LD_RUNPATH_SEARCH_PATHS = (
					"$(inherited)",
					"@executable_path/Frameworks",
				);
				PRODUCT_BUNDLE_IDENTIFIER = com.weekg.FGDemo;
				PRODUCT_NAME = "$(TARGET_NAME)";
				SWIFT_OBJC_BRIDGING_HEADER = "FGDemo/FGDemo-Header.h";
				SWIFT_VERSION = 5.0;
				TARGETED_DEVICE_FAMILY = "1,2";
			};
			name = Release;
		};
		3595F22222FA073000BA429F /* Debug */ = {
			isa = XCBuildConfiguration;
			buildSettings = {
				ALWAYS_SEARCH_USER_PATHS = NO;
				CLANG_ANALYZER_NONNULL = YES;
				CLANG_ANALYZER_NUMBER_OBJECT_CONVERSION = YES_AGGRESSIVE;
				CLANG_CXX_LANGUAGE_STANDARD = "gnu++14";
				CLANG_CXX_LIBRARY = "libc++";
				CLANG_ENABLE_MODULES = YES;
				CLANG_ENABLE_OBJC_ARC = YES;
				CLANG_ENABLE_OBJC_WEAK = YES;
				CLANG_WARN_BLOCK_CAPTURE_AUTORELEASING = YES;
				CLANG_WARN_BOOL_CONVERSION = YES;
				CLANG_WARN_COMMA = YES;
				CLANG_WARN_CONSTANT_CONVERSION = YES;
				CLANG_WARN_DEPRECATED_OBJC_IMPLEMENTATIONS = YES;
				CLANG_WARN_DIRECT_OBJC_ISA_USAGE = YES_ERROR;
				CLANG_WARN_DOCUMENTATION_COMMENTS = YES;
				CLANG_WARN_EMPTY_BODY = YES;
				CLANG_WARN_ENUM_CONVERSION = YES;
				CLANG_WARN_INFINITE_RECURSION = YES;
				CLANG_WARN_INT_CONVERSION = YES;
				CLANG_WARN_NON_LITERAL_NULL_CONVERSION = YES;
				CLANG_WARN_OBJC_IMPLICIT_RETAIN_SELF = YES;
				CLANG_WARN_OBJC_LITERAL_CONVERSION = YES;
				CLANG_WARN_OBJC_ROOT_CLASS = YES_ERROR;
				CLANG_WARN_RANGE_LOOP_ANALYSIS = YES;
				CLANG_WARN_STRICT_PROTOTYPES = YES;
				CLANG_WARN_SUSPICIOUS_MOVE = YES;
				CLANG_WARN_UNGUARDED_AVAILABILITY = YES_AGGRESSIVE;
				CLANG_WARN_UNREACHABLE_CODE = YES;
				CLANG_WARN__DUPLICATE_METHOD_MATCH = YES;
				CODE_SIGN_IDENTITY = "iPhone Developer";
				COPY_PHASE_STRIP = NO;
				CURRENT_PROJECT_VERSION = 1;
				DEBUG_INFORMATION_FORMAT = dwarf;
				ENABLE_STRICT_OBJC_MSGSEND = YES;
				ENABLE_TESTABILITY = YES;
				GCC_C_LANGUAGE_STANDARD = gnu11;
				GCC_DYNAMIC_NO_PIC = NO;
				GCC_NO_COMMON_BLOCKS = YES;
				GCC_OPTIMIZATION_LEVEL = 0;
				GCC_PREPROCESSOR_DEFINITIONS = (
					"DEBUG=1",
					"$(inherited)",
				);
				GCC_WARN_64_TO_32_BIT_CONVERSION = YES;
				GCC_WARN_ABOUT_RETURN_TYPE = YES_ERROR;
				GCC_WARN_UNDECLARED_SELECTOR = YES;
				GCC_WARN_UNINITIALIZED_AUTOS = YES_AGGRESSIVE;
				GCC_WARN_UNUSED_FUNCTION = YES;
				GCC_WARN_UNUSED_VARIABLE = YES;
				IPHONEOS_DEPLOYMENT_TARGET = 12.4;
				MTL_ENABLE_DEBUG_INFO = INCLUDE_SOURCE;
				MTL_FAST_MATH = YES;
				ONLY_ACTIVE_ARCH = YES;
				SDKROOT = iphoneos;
				SWIFT_ACTIVE_COMPILATION_CONDITIONS = DEBUG;
				SWIFT_OPTIMIZATION_LEVEL = "-Onone";
				VERSIONING_SYSTEM = "apple-generic";
				VERSION_INFO_PREFIX = "";
			};
			name = Debug;
		};
		3595F22322FA073000BA429F /* Release */ = {
			isa = XCBuildConfiguration;
			buildSettings = {
				ALWAYS_SEARCH_USER_PATHS = NO;
				CLANG_ANALYZER_NONNULL = YES;
				CLANG_ANALYZER_NUMBER_OBJECT_CONVERSION = YES_AGGRESSIVE;
				CLANG_CXX_LANGUAGE_STANDARD = "gnu++14";
				CLANG_CXX_LIBRARY = "libc++";
				CLANG_ENABLE_MODULES = YES;
				CLANG_ENABLE_OBJC_ARC = YES;
				CLANG_ENABLE_OBJC_WEAK = YES;
				CLANG_WARN_BLOCK_CAPTURE_AUTORELEASING = YES;
				CLANG_WARN_BOOL_CONVERSION = YES;
				CLANG_WARN_COMMA = YES;
				CLANG_WARN_CONSTANT_CONVERSION = YES;
				CLANG_WARN_DEPRECATED_OBJC_IMPLEMENTATIONS = YES;
				CLANG_WARN_DIRECT_OBJC_ISA_USAGE = YES_ERROR;
				CLANG_WARN_DOCUMENTATION_COMMENTS = YES;
				CLANG_WARN_EMPTY_BODY = YES;
				CLANG_WARN_ENUM_CONVERSION = YES;
				CLANG_WARN_INFINITE_RECURSION = YES;
				CLANG_WARN_INT_CONVERSION = YES;
				CLANG_WARN_NON_LITERAL_NULL_CONVERSION = YES;
				CLANG_WARN_OBJC_IMPLICIT_RETAIN_SELF = YES;
				CLANG_WARN_OBJC_LITERAL_CONVERSION = YES;
				CLANG_WARN_OBJC_ROOT_CLASS = YES_ERROR;
				CLANG_WARN_RANGE_LOOP_ANALYSIS = YES;
				CLANG_WARN_STRICT_PROTOTYPES = YES;
				CLANG_WARN_SUSPICIOUS_MOVE = YES;
				CLANG_WARN_UNGUARDED_AVAILABILITY = YES_AGGRESSIVE;
				CLANG_WARN_UNREACHABLE_CODE = YES;
				CLANG_WARN__DUPLICATE_METHOD_MATCH = YES;
				CODE_SIGN_IDENTITY = "iPhone Developer";
				COPY_PHASE_STRIP = NO;
				CURRENT_PROJECT_VERSION = 1;
				DEBUG_INFORMATION_FORMAT = "dwarf-with-dsym";
				ENABLE_NS_ASSERTIONS = NO;
				ENABLE_STRICT_OBJC_MSGSEND = YES;
				GCC_C_LANGUAGE_STANDARD = gnu11;
				GCC_NO_COMMON_BLOCKS = YES;
				GCC_WARN_64_TO_32_BIT_CONVERSION = YES;
				GCC_WARN_ABOUT_RETURN_TYPE = YES_ERROR;
				GCC_WARN_UNDECLARED_SELECTOR = YES;
				GCC_WARN_UNINITIALIZED_AUTOS = YES_AGGRESSIVE;
				GCC_WARN_UNUSED_FUNCTION = YES;
				GCC_WARN_UNUSED_VARIABLE = YES;
				IPHONEOS_DEPLOYMENT_TARGET = 12.4;
				MTL_ENABLE_DEBUG_INFO = NO;
				MTL_FAST_MATH = YES;
				SDKROOT = iphoneos;
				SWIFT_COMPILATION_MODE = wholemodule;
				SWIFT_OPTIMIZATION_LEVEL = "-O";
				VALIDATE_PRODUCT = YES;
				VERSIONING_SYSTEM = "apple-generic";
				VERSION_INFO_PREFIX = "";
			};
			name = Release;
		};
		3595F22522FA073000BA429F /* Debug */ = {
			isa = XCBuildConfiguration;
			baseConfigurationReference = E92A42DD79572E31102B1536 /* Pods-FGKit.debug.xcconfig */;
			buildSettings = {
				CLANG_ENABLE_MODULES = YES;
				CODE_SIGN_IDENTITY = "";
				CODE_SIGN_STYLE = Automatic;
				DEFINES_MODULE = YES;
				DEVELOPMENT_TEAM = F4SLU66GWH;
				DYLIB_COMPATIBILITY_VERSION = 1;
				DYLIB_CURRENT_VERSION = 1;
				DYLIB_INSTALL_NAME_BASE = "@rpath";
				INFOPLIST_FILE = FGKit/Info.plist;
				INSTALL_PATH = "$(LOCAL_LIBRARY_DIR)/Frameworks";
				IPHONEOS_DEPLOYMENT_TARGET = 10.0;
				LD_RUNPATH_SEARCH_PATHS = (
					"$(inherited)",
					"@executable_path/Frameworks",
					"@loader_path/Frameworks",
				);
				PRODUCT_BUNDLE_IDENTIFIER = cl.weekg.FGKit;
				PRODUCT_NAME = "$(TARGET_NAME:c99extidentifier)";
				SKIP_INSTALL = YES;
				SWIFT_OPTIMIZATION_LEVEL = "-Onone";
				SWIFT_VERSION = 5.0;
				TARGETED_DEVICE_FAMILY = "1,2";
			};
			name = Debug;
		};
		3595F22622FA073000BA429F /* Release */ = {
			isa = XCBuildConfiguration;
			baseConfigurationReference = 2D95648133BFD9B21A842270 /* Pods-FGKit.release.xcconfig */;
			buildSettings = {
				CLANG_ENABLE_MODULES = YES;
				CODE_SIGN_IDENTITY = "";
				CODE_SIGN_STYLE = Automatic;
				DEFINES_MODULE = YES;
				DEVELOPMENT_TEAM = F4SLU66GWH;
				DYLIB_COMPATIBILITY_VERSION = 1;
				DYLIB_CURRENT_VERSION = 1;
				DYLIB_INSTALL_NAME_BASE = "@rpath";
				INFOPLIST_FILE = FGKit/Info.plist;
				INSTALL_PATH = "$(LOCAL_LIBRARY_DIR)/Frameworks";
				IPHONEOS_DEPLOYMENT_TARGET = 10.0;
				LD_RUNPATH_SEARCH_PATHS = (
					"$(inherited)",
					"@executable_path/Frameworks",
					"@loader_path/Frameworks",
				);
				PRODUCT_BUNDLE_IDENTIFIER = cl.weekg.FGKit;
				PRODUCT_NAME = "$(TARGET_NAME:c99extidentifier)";
				SKIP_INSTALL = YES;
				SWIFT_VERSION = 5.0;
				TARGETED_DEVICE_FAMILY = "1,2";
			};
			name = Release;
		};
/* End XCBuildConfiguration section */

/* Begin XCConfigurationList section */
		358054F722FB515A001EE9CD /* Build configuration list for PBXNativeTarget "FGDemo" */ = {
			isa = XCConfigurationList;
			buildConfigurations = (
				358054F522FB515A001EE9CD /* Debug */,
				358054F622FB515A001EE9CD /* Release */,
			);
			defaultConfigurationIsVisible = 0;
			defaultConfigurationName = Release;
		};
		3595F21622FA073000BA429F /* Build configuration list for PBXProject "FGKit" */ = {
			isa = XCConfigurationList;
			buildConfigurations = (
				3595F22222FA073000BA429F /* Debug */,
				3595F22322FA073000BA429F /* Release */,
			);
			defaultConfigurationIsVisible = 0;
			defaultConfigurationName = Release;
		};
		3595F22422FA073000BA429F /* Build configuration list for PBXNativeTarget "FGKit" */ = {
			isa = XCConfigurationList;
			buildConfigurations = (
				3595F22522FA073000BA429F /* Debug */,
				3595F22622FA073000BA429F /* Release */,
			);
			defaultConfigurationIsVisible = 0;
			defaultConfigurationName = Release;
		};
/* End XCConfigurationList section */

/* Begin XCVersionGroup section */
		358054EC22FB5158001EE9CD /* FGDemo.xcdatamodeld */ = {
			isa = XCVersionGroup;
			children = (
				358054ED22FB5158001EE9CD /* FGDemo.xcdatamodel */,
			);
			currentVersion = 358054ED22FB5158001EE9CD /* FGDemo.xcdatamodel */;
			path = FGDemo.xcdatamodeld;
			sourceTree = "<group>";
			versionGroupType = wrapper.xcdatamodel;
		};
/* End XCVersionGroup section */
	};
	rootObject = 3595F21322FA073000BA429F /* Project object */;
}
